{
    "_readme": [
        "This file locks the dependencies of your project to a known state",
        "Read more about it at https://getcomposer.org/doc/01-basic-usage.md#installing-dependencies",
        "This file is @generated automatically"
    ],
    "content-hash": "e410bbe57db3a4538d4b4c9456260115",
    "packages": [
        {
            "name": "marwanalsoltany/mighty",
            "version": "v1.2.0",
            "source": {
                "type": "git",
                "url": "https://github.com/MarwanAlsoltany/mighty.git",
                "reference": "750c15344bf73ade02b349ab8e5f32b411c7deb6"
            },
            "dist": {
                "type": "zip",
                "url": "https://api.github.com/repos/MarwanAlsoltany/mighty/zipball/750c15344bf73ade02b349ab8e5f32b411c7deb6",
                "reference": "750c15344bf73ade02b349ab8e5f32b411c7deb6",
                "shasum": ""
            },
            "require": {
                "ext-ctype": "*",
                "ext-dom": "*",
                "ext-intl": "*",
                "ext-json": "*",
                "ext-mbstring": "*",
                "php": ">=8.1"
            },
            "require-dev": {
                "code-lts/doctum": "^5.5",
                "friendsofphp/php-cs-fixer": "^3.9",
                "phpbench/phpbench": "^1.2",
                "phpstan/phpstan": "^1.8",
                "phpunit/phpunit": "^9.5"
            },
            "type": "library",
            "extra": {
                "branch-alias": {
                    "dev-master": "1.2-dev"
                }
            },
            "autoload": {
                "psr-4": {
                    "MAKS\\Mighty\\": "src"
                }
            },
            "notification-url": "https://packagist.org/downloads/",
            "license": [
                "MIT"
            ],
            "authors": [
                {
                    "name": "Marwan Al-Soltany",
                    "email": "MarwanAlsoltany+gh@gmail.com"
                }
            ],
            "description": "The last validation library you will ever need!",
            "homepage": "https://github.com/MarwanAlsoltany/mighty/blob/master/README.md",
            "keywords": [
                "annotations",
                "attributes",
                "expression",
                "expressive",
                "framework",
                "framework-agnostic",
                "library",
                "php",
                "rules",
                "validation"
            ],
            "support": {
                "docs": "https://marwanalsoltany.github.io/mighty/docs/api",
                "issues": "https://github.com/MarwanAlsoltany/mighty/issues",
                "source": "https://github.com/MarwanAlsoltany/mighty"
            },
            "funding": [
                {
                    "url": "https://ko-fi.com/marwanalsoltany",
                    "type": "ko-fi"
                }
            ],
            "time": "2022-12-09T15:28:41+00:00"
        },
        {
            "name": "nikic/php-parser",
            "version": "v5.6.1",
            "source": {
                "type": "git",
                "url": "https://github.com/nikic/PHP-Parser.git",
                "reference": "f103601b29efebd7ff4a1ca7b3eeea9e3336a2a2"
            },
            "dist": {
                "type": "zip",
                "url": "https://api.github.com/repos/nikic/PHP-Parser/zipball/f103601b29efebd7ff4a1ca7b3eeea9e3336a2a2",
                "reference": "f103601b29efebd7ff4a1ca7b3eeea9e3336a2a2",
                "shasum": ""
            },
            "require": {
                "ext-ctype": "*",
                "ext-json": "*",
                "ext-tokenizer": "*",
                "php": ">=7.4"
            },
            "require-dev": {
                "ircmaxell/php-yacc": "^0.0.7",
                "phpunit/phpunit": "^9.0"
            },
            "bin": [
                "bin/php-parse"
            ],
            "type": "library",
            "extra": {
                "branch-alias": {
                    "dev-master": "5.x-dev"
                }
            },
            "autoload": {
                "psr-4": {
                    "PhpParser\\": "lib/PhpParser"
                }
            },
            "notification-url": "https://packagist.org/downloads/",
            "license": [
                "BSD-3-Clause"
            ],
            "authors": [
                {
                    "name": "Nikita Popov"
                }
            ],
            "description": "A PHP parser written in PHP",
            "keywords": [
                "parser",
                "php"
            ],
            "support": {
                "issues": "https://github.com/nikic/PHP-Parser/issues",
                "source": "https://github.com/nikic/PHP-Parser/tree/v5.6.1"
            },
            "time": "2025-08-13T20:13:15+00:00"
        },
        {
            "name": "phpstan/phpdoc-parser",
            "version": "2.3.0",
            "source": {
                "type": "git",
                "url": "https://github.com/phpstan/phpdoc-parser.git",
                "reference": "1e0cd5370df5dd2e556a36b9c62f62e555870495"
            },
            "dist": {
                "type": "zip",
                "url": "https://api.github.com/repos/phpstan/phpdoc-parser/zipball/1e0cd5370df5dd2e556a36b9c62f62e555870495",
                "reference": "1e0cd5370df5dd2e556a36b9c62f62e555870495",
                "shasum": ""
            },
            "require": {
                "php": "^7.4 || ^8.0"
            },
            "require-dev": {
                "doctrine/annotations": "^2.0",
                "nikic/php-parser": "^5.3.0",
                "php-parallel-lint/php-parallel-lint": "^1.2",
                "phpstan/extension-installer": "^1.0",
                "phpstan/phpstan": "^2.0",
                "phpstan/phpstan-phpunit": "^2.0",
                "phpstan/phpstan-strict-rules": "^2.0",
                "phpunit/phpunit": "^9.6",
                "symfony/process": "^5.2"
            },
            "type": "library",
            "autoload": {
                "psr-4": {
                    "PHPStan\\PhpDocParser\\": [
                        "src/"
                    ]
                }
            },
            "notification-url": "https://packagist.org/downloads/",
            "license": [
                "MIT"
            ],
            "description": "PHPDoc parser with support for nullable, intersection and generic types",
            "support": {
                "issues": "https://github.com/phpstan/phpdoc-parser/issues",
                "source": "https://github.com/phpstan/phpdoc-parser/tree/2.3.0"
            },
            "time": "2025-08-30T15:50:23+00:00"
        },
        {
            "name": "psr/log",
            "version": "3.0.2",
            "source": {
                "type": "git",
                "url": "https://github.com/php-fig/log.git",
                "reference": "f16e1d5863e37f8d8c2a01719f5b34baa2b714d3"
            },
            "dist": {
                "type": "zip",
                "url": "https://api.github.com/repos/php-fig/log/zipball/f16e1d5863e37f8d8c2a01719f5b34baa2b714d3",
                "reference": "f16e1d5863e37f8d8c2a01719f5b34baa2b714d3",
                "shasum": ""
            },
            "require": {
                "php": ">=8.0.0"
            },
            "type": "library",
            "extra": {
                "branch-alias": {
                    "dev-master": "3.x-dev"
                }
            },
            "autoload": {
                "psr-4": {
                    "Psr\\Log\\": "src"
                }
            },
            "notification-url": "https://packagist.org/downloads/",
            "license": [
                "MIT"
            ],
            "authors": [
                {
                    "name": "PHP-FIG",
                    "homepage": "https://www.php-fig.org/"
                }
            ],
            "description": "Common interface for logging libraries",
            "homepage": "https://github.com/php-fig/log",
            "keywords": [
                "log",
                "psr",
                "psr-3"
            ],
            "support": {
                "source": "https://github.com/php-fig/log/tree/3.0.2"
            },
            "time": "2024-09-11T13:17:53+00:00"
        },
        {
            "name": "symfony/deprecation-contracts",
            "version": "v3.6.0",
            "source": {
                "type": "git",
                "url": "https://github.com/symfony/deprecation-contracts.git",
                "reference": "63afe740e99a13ba87ec199bb07bbdee937a5b62"
            },
            "dist": {
                "type": "zip",
                "url": "https://api.github.com/repos/symfony/deprecation-contracts/zipball/63afe740e99a13ba87ec199bb07bbdee937a5b62",
                "reference": "63afe740e99a13ba87ec199bb07bbdee937a5b62",
                "shasum": ""
            },
            "require": {
                "php": ">=8.1"
            },
            "type": "library",
            "extra": {
                "thanks": {
                    "url": "https://github.com/symfony/contracts",
                    "name": "symfony/contracts"
                },
                "branch-alias": {
                    "dev-main": "3.6-dev"
                }
            },
            "autoload": {
                "files": [
                    "function.php"
                ]
            },
            "notification-url": "https://packagist.org/downloads/",
            "license": [
                "MIT"
            ],
            "authors": [
                {
                    "name": "Nicolas Grekas",
                    "email": "p@tchwork.com"
                },
                {
                    "name": "Symfony Community",
                    "homepage": "https://symfony.com/contributors"
                }
            ],
            "description": "A generic function and convention to trigger deprecation notices",
            "homepage": "https://symfony.com",
            "support": {
                "source": "https://github.com/symfony/deprecation-contracts/tree/v3.6.0"
            },
            "funding": [
                {
                    "url": "https://symfony.com/sponsor",
                    "type": "custom"
                },
                {
                    "url": "https://github.com/fabpot",
                    "type": "github"
                },
                {
                    "url": "https://tidelift.com/funding/github/packagist/symfony/symfony",
                    "type": "tidelift"
                }
            ],
            "time": "2024-09-25T14:21:43+00:00"
        },
        {
            "name": "symfony/finder",
            "version": "v7.3.2",
            "source": {
                "type": "git",
                "url": "https://github.com/symfony/finder.git",
                "reference": "2a6614966ba1074fa93dae0bc804227422df4dfe"
            },
            "dist": {
                "type": "zip",
                "url": "https://api.github.com/repos/symfony/finder/zipball/2a6614966ba1074fa93dae0bc804227422df4dfe",
                "reference": "2a6614966ba1074fa93dae0bc804227422df4dfe",
                "shasum": ""
            },
            "require": {
                "php": ">=8.2"
            },
            "require-dev": {
                "symfony/filesystem": "^6.4|^7.0"
            },
            "type": "library",
            "autoload": {
                "psr-4": {
                    "Symfony\\Component\\Finder\\": ""
                },
                "exclude-from-classmap": [
                    "/Tests/"
                ]
            },
            "notification-url": "https://packagist.org/downloads/",
            "license": [
                "MIT"
            ],
            "authors": [
                {
                    "name": "Fabien Potencier",
                    "email": "fabien@symfony.com"
                },
                {
                    "name": "Symfony Community",
                    "homepage": "https://symfony.com/contributors"
                }
            ],
            "description": "Finds files and directories via an intuitive fluent interface",
            "homepage": "https://symfony.com",
            "support": {
                "source": "https://github.com/symfony/finder/tree/v7.3.2"
            },
            "funding": [
                {
                    "url": "https://symfony.com/sponsor",
                    "type": "custom"
                },
                {
                    "url": "https://github.com/fabpot",
                    "type": "github"
                },
                {
                    "url": "https://github.com/nicolas-grekas",
                    "type": "github"
                },
                {
                    "url": "https://tidelift.com/funding/github/packagist/symfony/symfony",
                    "type": "tidelift"
                }
            ],
            "time": "2025-07-15T13:41:35+00:00"
        },
        {
            "name": "symfony/polyfill-ctype",
            "version": "v1.33.0",
            "source": {
                "type": "git",
                "url": "https://github.com/symfony/polyfill-ctype.git",
                "reference": "a3cc8b044a6ea513310cbd48ef7333b384945638"
            },
            "dist": {
                "type": "zip",
                "url": "https://api.github.com/repos/symfony/polyfill-ctype/zipball/a3cc8b044a6ea513310cbd48ef7333b384945638",
                "reference": "a3cc8b044a6ea513310cbd48ef7333b384945638",
                "shasum": ""
            },
            "require": {
                "php": ">=7.2"
            },
            "provide": {
                "ext-ctype": "*"
            },
            "suggest": {
                "ext-ctype": "For best performance"
            },
            "type": "library",
            "extra": {
                "thanks": {
                    "url": "https://github.com/symfony/polyfill",
                    "name": "symfony/polyfill"
                }
            },
            "autoload": {
                "files": [
                    "bootstrap.php"
                ],
                "psr-4": {
                    "Symfony\\Polyfill\\Ctype\\": ""
                }
            },
            "notification-url": "https://packagist.org/downloads/",
            "license": [
                "MIT"
            ],
            "authors": [
                {
                    "name": "Gert de Pagter",
                    "email": "BackEndTea@gmail.com"
                },
                {
                    "name": "Symfony Community",
                    "homepage": "https://symfony.com/contributors"
                }
            ],
            "description": "Symfony polyfill for ctype functions",
            "homepage": "https://symfony.com",
            "keywords": [
                "compatibility",
                "ctype",
                "polyfill",
                "portable"
            ],
            "support": {
                "source": "https://github.com/symfony/polyfill-ctype/tree/v1.33.0"
            },
            "funding": [
                {
                    "url": "https://symfony.com/sponsor",
                    "type": "custom"
                },
                {
                    "url": "https://github.com/fabpot",
                    "type": "github"
                },
                {
                    "url": "https://github.com/nicolas-grekas",
                    "type": "github"
                },
                {
                    "url": "https://tidelift.com/funding/github/packagist/symfony/symfony",
                    "type": "tidelift"
                }
            ],
            "time": "2024-09-09T11:45:10+00:00"
        },
        {
            "name": "symfony/yaml",
            "version": "v7.3.3",
            "source": {
                "type": "git",
                "url": "https://github.com/symfony/yaml.git",
                "reference": "d4f4a66866fe2451f61296924767280ab5732d9d"
            },
            "dist": {
                "type": "zip",
                "url": "https://api.github.com/repos/symfony/yaml/zipball/d4f4a66866fe2451f61296924767280ab5732d9d",
                "reference": "d4f4a66866fe2451f61296924767280ab5732d9d",
                "shasum": ""
            },
            "require": {
                "php": ">=8.2",
                "symfony/deprecation-contracts": "^2.5|^3.0",
                "symfony/polyfill-ctype": "^1.8"
            },
            "conflict": {
                "symfony/console": "<6.4"
            },
            "require-dev": {
                "symfony/console": "^6.4|^7.0"
            },
            "bin": [
                "Resources/bin/yaml-lint"
            ],
            "type": "library",
            "autoload": {
                "psr-4": {
                    "Symfony\\Component\\Yaml\\": ""
                },
                "exclude-from-classmap": [
                    "/Tests/"
                ]
            },
            "notification-url": "https://packagist.org/downloads/",
            "license": [
                "MIT"
            ],
            "authors": [
                {
                    "name": "Fabien Potencier",
                    "email": "fabien@symfony.com"
                },
                {
                    "name": "Symfony Community",
                    "homepage": "https://symfony.com/contributors"
                }
            ],
            "description": "Loads and dumps YAML files",
            "homepage": "https://symfony.com",
            "support": {
                "source": "https://github.com/symfony/yaml/tree/v7.3.3"
            },
            "funding": [
                {
                    "url": "https://symfony.com/sponsor",
                    "type": "custom"
                },
                {
                    "url": "https://github.com/fabpot",
                    "type": "github"
                },
                {
                    "url": "https://github.com/nicolas-grekas",
                    "type": "github"
                },
                {
                    "url": "https://tidelift.com/funding/github/packagist/symfony/symfony",
                    "type": "tidelift"
                }
            ],
            "time": "2025-08-27T11:34:33+00:00"
        },
        {
            "name": "zircote/swagger-php",
            "version": "5.5.0",
            "source": {
                "type": "git",
                "url": "https://github.com/zircote/swagger-php.git",
                "reference": "436ba3cf0f168498653dd2ba1cbdb004ca46bf37"
            },
            "dist": {
                "type": "zip",
                "url": "https://api.github.com/repos/zircote/swagger-php/zipball/436ba3cf0f168498653dd2ba1cbdb004ca46bf37",
                "reference": "436ba3cf0f168498653dd2ba1cbdb004ca46bf37",
                "shasum": ""
            },
            "require": {
                "ext-json": "*",
                "nikic/php-parser": "^4.19 || ^5.0",
                "php": ">=7.4",
                "phpstan/phpdoc-parser": "^2.0",
                "psr/log": "^1.1 || ^2.0 || ^3.0",
                "symfony/deprecation-contracts": "^2 || ^3",
                "symfony/finder": "^5.0 || ^6.0 || ^7.0",
                "symfony/yaml": "^5.0 || ^6.0 || ^7.0"
            },
            "conflict": {
                "symfony/process": ">=6, <6.4.14"
            },
            "require-dev": {
                "composer/package-versions-deprecated": "^1.11",
                "doctrine/annotations": "^2.0",
                "friendsofphp/php-cs-fixer": "^3.62.0",
                "phpstan/phpstan": "^1.6 || ^2.0",
                "phpunit/phpunit": "^9.0",
                "rector/rector": "^1.0 || ^2.0",
                "vimeo/psalm": "^4.30 || ^5.0"
            },
            "suggest": {
                "doctrine/annotations": "^2.0",
                "radebatz/type-info-extras": "^1.0.2"
            },
            "bin": [
                "bin/openapi"
            ],
            "type": "library",
            "extra": {
                "branch-alias": {
                    "dev-master": "5.x-dev"
                }
            },
            "autoload": {
                "psr-4": {
                    "OpenApi\\": "src"
                }
            },
            "notification-url": "https://packagist.org/downloads/",
            "license": [
                "Apache-2.0"
            ],
            "authors": [
                {
                    "name": "Robert Allen",
                    "email": "zircote@gmail.com"
                },
                {
                    "name": "Bob Fanger",
                    "email": "bfanger@gmail.com",
                    "homepage": "https://bfanger.nl"
                },
                {
                    "name": "Martin Rademacher",
                    "email": "mano@radebatz.net",
                    "homepage": "https://radebatz.net"
                }
            ],
            "description": "Generate interactive documentation for your RESTful API using PHP attributes (preferred) or PHPDoc annotations",
            "homepage": "https://github.com/zircote/swagger-php",
            "keywords": [
                "api",
                "json",
                "rest",
                "service discovery"
            ],
            "support": {
                "issues": "https://github.com/zircote/swagger-php/issues",
                "source": "https://github.com/zircote/swagger-php/tree/5.5.0"
            },
            "time": "2025-10-16T03:15:37+00:00"
        }
    ],
    "packages-dev": [],
    "aliases": [],
    "minimum-stability": "stable",
    "stability-flags": {},
    "prefer-stable": false,
    "prefer-lowest": false,
    "platform": {},
    "platform-dev": {},
    "plugin-api-version": "2.6.0"
}
